// !$*UTF8*$!
{
	archiveVersion = 1;
	classes = {
	};
	objectVersion = 50;
	objects = {

/* Begin PBXBuildFile section */
		6F0146D1213B52C500CE3E88 /* AppDelegate.swift in Sources */ = {isa = PBXBuildFile; fileRef = 6F0146D0213B52C500CE3E88 /* AppDelegate.swift */; };
		6F0146D3213B52C500CE3E88 /* MainViewController.swift in Sources */ = {isa = PBXBuildFile; fileRef = 6F0146D2213B52C500CE3E88 /* MainViewController.swift */; };
		6F0146D6213B52C500CE3E88 /* Main.storyboard in Resources */ = {isa = PBXBuildFile; fileRef = 6F0146D4213B52C500CE3E88 /* Main.storyboard */; };
		6F0146D8213B52C700CE3E88 /* Assets.xcassets in Resources */ = {isa = PBXBuildFile; fileRef = 6F0146D7213B52C700CE3E88 /* Assets.xcassets */; };
		6F0146DB213B52C700CE3E88 /* LaunchScreen.storyboard in Resources */ = {isa = PBXBuildFile; fileRef = 6F0146D9213B52C700CE3E88 /* LaunchScreen.storyboard */; };
		6F0B0188213F43400034CC2B /* SwimClub.swift in Sources */ = {isa = PBXBuildFile; fileRef = 6F0B0187213F43400034CC2B /* SwimClub.swift */; };
		6F0B018A213F46680034CC2B /* Event.swift in Sources */ = {isa = PBXBuildFile; fileRef = 6F0B0189213F46680034CC2B /* Event.swift */; };
		6F0B018C213F4A940034CC2B /* EvenResult.swift in Sources */ = {isa = PBXBuildFile; fileRef = 6F0B018B213F4A940034CC2B /* EvenResult.swift */; };
		6F0B018E213F69390034CC2B /* EventsListViewController.swift in Sources */ = {isa = PBXBuildFile; fileRef = 6F0B018D213F69390034CC2B /* EventsListViewController.swift */; };
		6F0B0190213F8FC80034CC2B /* EventViewController.swift in Sources */ = {isa = PBXBuildFile; fileRef = 6F0B018F213F8FC80034CC2B /* EventViewController.swift */; };
		6F0B0192213FA41C0034CC2B /* MembersForEventViewController.swift in Sources */ = {isa = PBXBuildFile; fileRef = 6F0B0191213FA41C0034CC2B /* MembersForEventViewController.swift */; };
		6F1A6CA7213C97B700A69AC9 /* appFunctions.swift in Sources */ = {isa = PBXBuildFile; fileRef = 6F1A6CA6213C97B700A69AC9 /* appFunctions.swift */; };
		6F1A6CA9213CC9D400A69AC9 /* MembersViewController.swift in Sources */ = {isa = PBXBuildFile; fileRef = 6F1A6CA8213CC9D400A69AC9 /* MembersViewController.swift */; };
		6F1E67AA214248BF000886F9 /* ResultsViewController.swift in Sources */ = {isa = PBXBuildFile; fileRef = 6F1E67A9214248BF000886F9 /* ResultsViewController.swift */; };
		6F3D7244214A085D006C575E /* RequirementNotes.rtf in Resources */ = {isa = PBXBuildFile; fileRef = 6F3D7243214A085D006C575E /* RequirementNotes.rtf */; };
		6F3D7246214A25FE006C575E /* PresetEventMember.swift in Sources */ = {isa = PBXBuildFile; fileRef = 6F3D7245214A25FE006C575E /* PresetEventMember.swift */; };
		6F3F16E8213B5B4C007862B1 /* appUserDefaults.swift in Sources */ = {isa = PBXBuildFile; fileRef = 6F3F16E7213B5B4C007862B1 /* appUserDefaults.swift */; };
		6F3F16EC213B972B007862B1 /* Member.swift in Sources */ = {isa = PBXBuildFile; fileRef = 6F3F16EB213B972B007862B1 /* Member.swift */; };
		6F3F16EE213B9915007862B1 /* Group.swift in Sources */ = {isa = PBXBuildFile; fileRef = 6F3F16ED213B9915007862B1 /* Group.swift */; };
		6F3F16F0213BA3C5007862B1 /* MembersListViewController.swift in Sources */ = {isa = PBXBuildFile; fileRef = 6F3F16EF213BA3C5007862B1 /* MembersListViewController.swift */; };
		6FABBE6F214870C0004B8198 /* seedDatabase.swift in Sources */ = {isa = PBXBuildFile; fileRef = 6FABBE6E214870C0004B8198 /* seedDatabase.swift */; };
		6FABBE712148CF6E004B8198 /* PresetEventAgeGroups.swift in Sources */ = {isa = PBXBuildFile; fileRef = 6FABBE702148CF6E004B8198 /* PresetEventAgeGroups.swift */; };
		6FABBE732148CFF3004B8198 /* PresetEvent.swift in Sources */ = {isa = PBXBuildFile; fileRef = 6FABBE722148CFF3004B8198 /* PresetEvent.swift */; };
		6FB3A0862144AB580023546F /* ResultCell.swift in Sources */ = {isa = PBXBuildFile; fileRef = 6FB3A0842144AB580023546F /* ResultCell.swift */; };
		6FB3A0872144AB580023546F /* ResultCell.xib in Resources */ = {isa = PBXBuildFile; fileRef = 6FB3A0852144AB580023546F /* ResultCell.xib */; };
		6FBB5835215C5903001D9219 /* DualMeet.swift in Sources */ = {isa = PBXBuildFile; fileRef = 6FBB5834215C5903001D9219 /* DualMeet.swift */; };
		6FBB5837215C6112001D9219 /* DualMeetsListViewController.swift in Sources */ = {isa = PBXBuildFile; fileRef = 6FBB5836215C6112001D9219 /* DualMeetsListViewController.swift */; };
		6FBB5839215C7EE0001D9219 /* DualMeetViewController.swift in Sources */ = {isa = PBXBuildFile; fileRef = 6FBB5838215C7EE0001D9219 /* DualMeetViewController.swift */; };
		CE378E1EF6F8A804A5B899A8 /* Pods_SwimTime.framework in Frameworks */ = {isa = PBXBuildFile; fileRef = B178A293D22BCB9A413BC73D /* Pods_SwimTime.framework */; };
/* End PBXBuildFile section */

/* Begin PBXFileReference section */
		1E66FC90FBCAC6220F2B0E31 /* Pods-SwimTime.debug.xcconfig */ = {isa = PBXFileReference; includeInIndex = 1; lastKnownFileType = text.xcconfig; name = "Pods-SwimTime.debug.xcconfig"; path = "Pods/Target Support Files/Pods-SwimTime/Pods-SwimTime.debug.xcconfig"; sourceTree = "<group>"; };
		6F0146CD213B52C500CE3E88 /* SwimTime.app */ = {isa = PBXFileReference; explicitFileType = wrapper.application; includeInIndex = 0; path = SwimTime.app; sourceTree = BUILT_PRODUCTS_DIR; };
		6F0146D0213B52C500CE3E88 /* AppDelegate.swift */ = {isa = PBXFileReference; lastKnownFileType = sourcecode.swift; path = AppDelegate.swift; sourceTree = "<group>"; };
		6F0146D2213B52C500CE3E88 /* MainViewController.swift */ = {isa = PBXFileReference; lastKnownFileType = sourcecode.swift; path = MainViewController.swift; sourceTree = "<group>"; };
		6F0146D5213B52C500CE3E88 /* Base */ = {isa = PBXFileReference; lastKnownFileType = file.storyboard; name = Base; path = Base.lproj/Main.storyboard; sourceTree = "<group>"; };
		6F0146D7213B52C700CE3E88 /* Assets.xcassets */ = {isa = PBXFileReference; lastKnownFileType = folder.assetcatalog; path = Assets.xcassets; sourceTree = "<group>"; };
		6F0146DA213B52C700CE3E88 /* Base */ = {isa = PBXFileReference; lastKnownFileType = file.storyboard; name = Base; path = Base.lproj/LaunchScreen.storyboard; sourceTree = "<group>"; };
		6F0146DC213B52C700CE3E88 /* Info.plist */ = {isa = PBXFileReference; lastKnownFileType = text.plist.xml; path = Info.plist; sourceTree = "<group>"; };
		6F0B0187213F43400034CC2B /* SwimClub.swift */ = {isa = PBXFileReference; lastKnownFileType = sourcecode.swift; path = SwimClub.swift; sourceTree = "<group>"; };
		6F0B0189213F46680034CC2B /* Event.swift */ = {isa = PBXFileReference; lastKnownFileType = sourcecode.swift; path = Event.swift; sourceTree = "<group>"; };
		6F0B018B213F4A940034CC2B /* EvenResult.swift */ = {isa = PBXFileReference; lastKnownFileType = sourcecode.swift; path = EvenResult.swift; sourceTree = "<group>"; };
		6F0B018D213F69390034CC2B /* EventsListViewController.swift */ = {isa = PBXFileReference; lastKnownFileType = sourcecode.swift; path = EventsListViewController.swift; sourceTree = "<group>"; };
		6F0B018F213F8FC80034CC2B /* EventViewController.swift */ = {isa = PBXFileReference; lastKnownFileType = sourcecode.swift; path = EventViewController.swift; sourceTree = "<group>"; };
		6F0B0191213FA41C0034CC2B /* MembersForEventViewController.swift */ = {isa = PBXFileReference; lastKnownFileType = sourcecode.swift; path = MembersForEventViewController.swift; sourceTree = "<group>"; };
		6F1A6CA6213C97B700A69AC9 /* appFunctions.swift */ = {isa = PBXFileReference; lastKnownFileType = sourcecode.swift; path = appFunctions.swift; sourceTree = "<group>"; };
		6F1A6CA8213CC9D400A69AC9 /* MembersViewController.swift */ = {isa = PBXFileReference; lastKnownFileType = sourcecode.swift; path = MembersViewController.swift; sourceTree = "<group>"; };
		6F1E67A9214248BF000886F9 /* ResultsViewController.swift */ = {isa = PBXFileReference; lastKnownFileType = sourcecode.swift; path = ResultsViewController.swift; sourceTree = "<group>"; };
		6F3D7243214A085D006C575E /* RequirementNotes.rtf */ = {isa = PBXFileReference; lastKnownFileType = text.rtf; path = RequirementNotes.rtf; sourceTree = "<group>"; };
		6F3D7245214A25FE006C575E /* PresetEventMember.swift */ = {isa = PBXFileReference; lastKnownFileType = sourcecode.swift; path = PresetEventMember.swift; sourceTree = "<group>"; };
		6F3F16E7213B5B4C007862B1 /* appUserDefaults.swift */ = {isa = PBXFileReference; lastKnownFileType = sourcecode.swift; path = appUserDefaults.swift; sourceTree = "<group>"; };
		6F3F16EB213B972B007862B1 /* Member.swift */ = {isa = PBXFileReference; lastKnownFileType = sourcecode.swift; path = Member.swift; sourceTree = "<group>"; };
		6F3F16ED213B9915007862B1 /* Group.swift */ = {isa = PBXFileReference; lastKnownFileType = sourcecode.swift; path = Group.swift; sourceTree = "<group>"; };
		6F3F16EF213BA3C5007862B1 /* MembersListViewController.swift */ = {isa = PBXFileReference; lastKnownFileType = sourcecode.swift; path = MembersListViewController.swift; sourceTree = "<group>"; };
		6FABBE6E214870C0004B8198 /* seedDatabase.swift */ = {isa = PBXFileReference; lastKnownFileType = sourcecode.swift; path = seedDatabase.swift; sourceTree = "<group>"; };
		6FABBE702148CF6E004B8198 /* PresetEventAgeGroups.swift */ = {isa = PBXFileReference; lastKnownFileType = sourcecode.swift; path = PresetEventAgeGroups.swift; sourceTree = "<group>"; };
		6FABBE722148CFF3004B8198 /* PresetEvent.swift */ = {isa = PBXFileReference; lastKnownFileType = sourcecode.swift; path = PresetEvent.swift; sourceTree = "<group>"; };
		6FB3A0842144AB580023546F /* ResultCell.swift */ = {isa = PBXFileReference; lastKnownFileType = sourcecode.swift; path = ResultCell.swift; sourceTree = "<group>"; };
		6FB3A0852144AB580023546F /* ResultCell.xib */ = {isa = PBXFileReference; lastKnownFileType = file.xib; path = ResultCell.xib; sourceTree = "<group>"; };
		6FBB5834215C5903001D9219 /* DualMeet.swift */ = {isa = PBXFileReference; lastKnownFileType = sourcecode.swift; path = DualMeet.swift; sourceTree = "<group>"; };
		6FBB5836215C6112001D9219 /* DualMeetsListViewController.swift */ = {isa = PBXFileReference; lastKnownFileType = sourcecode.swift; path = DualMeetsListViewController.swift; sourceTree = "<group>"; };
		6FBB5838215C7EE0001D9219 /* DualMeetViewController.swift */ = {isa = PBXFileReference; lastKnownFileType = sourcecode.swift; path = DualMeetViewController.swift; sourceTree = "<group>"; };
		B178A293D22BCB9A413BC73D /* Pods_SwimTime.framework */ = {isa = PBXFileReference; explicitFileType = wrapper.framework; includeInIndex = 0; path = Pods_SwimTime.framework; sourceTree = BUILT_PRODUCTS_DIR; };
		D109A052910927502EA5AEF7 /* Pods-SwimTime.release.xcconfig */ = {isa = PBXFileReference; includeInIndex = 1; lastKnownFileType = text.xcconfig; name = "Pods-SwimTime.release.xcconfig"; path = "Pods/Target Support Files/Pods-SwimTime/Pods-SwimTime.release.xcconfig"; sourceTree = "<group>"; };
/* End PBXFileReference section */

/* Begin PBXFrameworksBuildPhase section */
		6F0146CA213B52C500CE3E88 /* Frameworks */ = {
			isa = PBXFrameworksBuildPhase;
			buildActionMask = 2147483647;
			files = (
				CE378E1EF6F8A804A5B899A8 /* Pods_SwimTime.framework in Frameworks */,
			);
			runOnlyForDeploymentPostprocessing = 0;
		};
/* End PBXFrameworksBuildPhase section */

/* Begin PBXGroup section */
		49D0C8C3B59F8F3B771A76BE /* Pods */ = {
			isa = PBXGroup;
			children = (
				1E66FC90FBCAC6220F2B0E31 /* Pods-SwimTime.debug.xcconfig */,
				D109A052910927502EA5AEF7 /* Pods-SwimTime.release.xcconfig */,
			);
			name = Pods;
			sourceTree = "<group>";
		};
		67901B6F7BF0DF0B4C2657C7 /* Frameworks */ = {
			isa = PBXGroup;
			children = (
				B178A293D22BCB9A413BC73D /* Pods_SwimTime.framework */,
			);
			name = Frameworks;
			sourceTree = "<group>";
		};
		6F0146C4213B52C500CE3E88 = {
			isa = PBXGroup;
			children = (
				6F0146CF213B52C500CE3E88 /* SwimTime */,
				6F0146CE213B52C500CE3E88 /* Products */,
				49D0C8C3B59F8F3B771A76BE /* Pods */,
				67901B6F7BF0DF0B4C2657C7 /* Frameworks */,
			);
			sourceTree = "<group>";
		};
		6F0146CE213B52C500CE3E88 /* Products */ = {
			isa = PBXGroup;
			children = (
				6F0146CD213B52C500CE3E88 /* SwimTime.app */,
			);
			name = Products;
			sourceTree = "<group>";
		};
		6F0146CF213B52C500CE3E88 /* SwimTime */ = {
			isa = PBXGroup;
			children = (
				6F3F16E6213B5B21007862B1 /* Model */,
				6F3F16E5213B5B0A007862B1 /* Supporting Files */,
				6F0146E2213B52E200CE3E88 /* Views */,
				6F0146D0213B52C500CE3E88 /* AppDelegate.swift */,
				6F0146D4213B52C500CE3E88 /* Main.storyboard */,
				6F0146D7213B52C700CE3E88 /* Assets.xcassets */,
				6F0146D9213B52C700CE3E88 /* LaunchScreen.storyboard */,
				6F0146DC213B52C700CE3E88 /* Info.plist */,
			);
			path = SwimTime;
			sourceTree = "<group>";
		};
		6F0146E2213B52E200CE3E88 /* Views */ = {
			isa = PBXGroup;
			children = (
				6F0146D2213B52C500CE3E88 /* MainViewController.swift */,
				6F1A6CA8213CC9D400A69AC9 /* MembersViewController.swift */,
				6F3F16EF213BA3C5007862B1 /* MembersListViewController.swift */,
				6F0B018D213F69390034CC2B /* EventsListViewController.swift */,
				6F0B018F213F8FC80034CC2B /* EventViewController.swift */,
				6F0B0191213FA41C0034CC2B /* MembersForEventViewController.swift */,
				6F1E67A9214248BF000886F9 /* ResultsViewController.swift */,
				6FB3A0842144AB580023546F /* ResultCell.swift */,
				6FB3A0852144AB580023546F /* ResultCell.xib */,
				6FBB5836215C6112001D9219 /* DualMeetsListViewController.swift */,
				6FBB5838215C7EE0001D9219 /* DualMeetViewController.swift */,
			);
			path = Views;
			sourceTree = "<group>";
		};
		6F3F16E5213B5B0A007862B1 /* Supporting Files */ = {
			isa = PBXGroup;
			children = (
				6F3F16E7213B5B4C007862B1 /* appUserDefaults.swift */,
				6F1A6CA6213C97B700A69AC9 /* appFunctions.swift */,
				6FABBE6E214870C0004B8198 /* seedDatabase.swift */,
				6F3D7243214A085D006C575E /* RequirementNotes.rtf */,
				6F3D7245214A25FE006C575E /* PresetEventMember.swift */,
			);
			path = "Supporting Files";
			sourceTree = "<group>";
		};
		6F3F16E6213B5B21007862B1 /* Model */ = {
			isa = PBXGroup;
			children = (
				6F3F16EB213B972B007862B1 /* Member.swift */,
				6F3F16ED213B9915007862B1 /* Group.swift */,
				6F0B0187213F43400034CC2B /* SwimClub.swift */,
				6F0B0189213F46680034CC2B /* Event.swift */,
				6F0B018B213F4A940034CC2B /* EvenResult.swift */,
				6FABBE702148CF6E004B8198 /* PresetEventAgeGroups.swift */,
				6FABBE722148CFF3004B8198 /* PresetEvent.swift */,
				6FBB5834215C5903001D9219 /* DualMeet.swift */,
			);
			path = Model;
			sourceTree = "<group>";
		};
/* End PBXGroup section */

/* Begin PBXNativeTarget section */
		6F0146CC213B52C500CE3E88 /* SwimTime */ = {
			isa = PBXNativeTarget;
			buildConfigurationList = 6F0146DF213B52C700CE3E88 /* Build configuration list for PBXNativeTarget "SwimTime" */;
			buildPhases = (
				CF5FC69C9CA500FA430E3F38 /* [CP] Check Pods Manifest.lock */,
				6F0146C9213B52C500CE3E88 /* Sources */,
				6F0146CA213B52C500CE3E88 /* Frameworks */,
				6F0146CB213B52C500CE3E88 /* Resources */,
				427CAC2497BA15E40FDD2206 /* [CP] Embed Pods Frameworks */,
			);
			buildRules = (
			);
			dependencies = (
			);
			name = SwimTime;
			productName = SwimTime;
			productReference = 6F0146CD213B52C500CE3E88 /* SwimTime.app */;
			productType = "com.apple.product-type.application";
		};
/* End PBXNativeTarget section */

/* Begin PBXProject section */
		6F0146C5213B52C500CE3E88 /* Project object */ = {
			isa = PBXProject;
			attributes = {
				LastSwiftUpdateCheck = 0940;
				LastUpgradeCheck = 0940;
				ORGANIZATIONNAME = "Mick Mossman";
				TargetAttributes = {
					6F0146CC213B52C500CE3E88 = {
						CreatedOnToolsVersion = 9.4.1;
						LastSwiftMigration = 1000;
					};
				};
			};
			buildConfigurationList = 6F0146C8213B52C500CE3E88 /* Build configuration list for PBXProject "SwimTime" */;
			compatibilityVersion = "Xcode 9.3";
			developmentRegion = en;
			hasScannedForEncodings = 0;
			knownRegions = (
				en,
				Base,
			);
			mainGroup = 6F0146C4213B52C500CE3E88;
			productRefGroup = 6F0146CE213B52C500CE3E88 /* Products */;
			projectDirPath = "";
			projectRoot = "";
			targets = (
				6F0146CC213B52C500CE3E88 /* SwimTime */,
			);
		};
/* End PBXProject section */

/* Begin PBXResourcesBuildPhase section */
		6F0146CB213B52C500CE3E88 /* Resources */ = {
			isa = PBXResourcesBuildPhase;
			buildActionMask = 2147483647;
			files = (
				6F0146DB213B52C700CE3E88 /* LaunchScreen.storyboard in Resources */,
				6F0146D8213B52C700CE3E88 /* Assets.xcassets in Resources */,
				6F3D7244214A085D006C575E /* RequirementNotes.rtf in Resources */,
				6FB3A0872144AB580023546F /* ResultCell.xib in Resources */,
				6F0146D6213B52C500CE3E88 /* Main.storyboard in Resources */,
			);
			runOnlyForDeploymentPostprocessing = 0;
		};
/* End PBXResourcesBuildPhase section */

/* Begin PBXShellScriptBuildPhase section */
		427CAC2497BA15E40FDD2206 /* [CP] Embed Pods Frameworks */ = {
			isa = PBXShellScriptBuildPhase;
			buildActionMask = 2147483647;
			files = (
			);
			inputPaths = (
				"${SRCROOT}/Pods/Target Support Files/Pods-SwimTime/Pods-SwimTime-frameworks.sh",
				"${BUILT_PRODUCTS_DIR}/Alamofire/Alamofire.framework",
				"${BUILT_PRODUCTS_DIR}/ChameleonFramework/ChameleonFramework.framework",
				"${BUILT_PRODUCTS_DIR}/ProgressHUD/ProgressHUD.framework",
				"${BUILT_PRODUCTS_DIR}/Realm/Realm.framework",
				"${BUILT_PRODUCTS_DIR}/RealmSwift/RealmSwift.framework",
			);
			name = "[CP] Embed Pods Frameworks";
			outputPaths = (
				"${TARGET_BUILD_DIR}/${FRAMEWORKS_FOLDER_PATH}/Alamofire.framework",
				"${TARGET_BUILD_DIR}/${FRAMEWORKS_FOLDER_PATH}/ChameleonFramework.framework",
				"${TARGET_BUILD_DIR}/${FRAMEWORKS_FOLDER_PATH}/ProgressHUD.framework",
				"${TARGET_BUILD_DIR}/${FRAMEWORKS_FOLDER_PATH}/Realm.framework",
				"${TARGET_BUILD_DIR}/${FRAMEWORKS_FOLDER_PATH}/RealmSwift.framework",
			);
			runOnlyForDeploymentPostprocessing = 0;
			shellPath = /bin/sh;
			shellScript = "\"${SRCROOT}/Pods/Target Support Files/Pods-SwimTime/Pods-SwimTime-frameworks.sh\"\n";
			showEnvVarsInLog = 0;
		};
		CF5FC69C9CA500FA430E3F38 /* [CP] Check Pods Manifest.lock */ = {
			isa = PBXShellScriptBuildPhase;
			buildActionMask = 2147483647;
			files = (
			);
			inputPaths = (
				"${PODS_PODFILE_DIR_PATH}/Podfile.lock",
				"${PODS_ROOT}/Manifest.lock",
			);
			name = "[CP] Check Pods Manifest.lock";
			outputPaths = (
				"$(DERIVED_FILE_DIR)/Pods-SwimTime-checkManifestLockResult.txt",
			);
			runOnlyForDeploymentPostprocessing = 0;
			shellPath = /bin/sh;
			shellScript = "diff \"${PODS_PODFILE_DIR_PATH}/Podfile.lock\" \"${PODS_ROOT}/Manifest.lock\" > /dev/null\nif [ $? != 0 ] ; then\n    # print error to STDERR\n    echo \"error: The sandbox is not in sync with the Podfile.lock. Run 'pod install' or update your CocoaPods installation.\" >&2\n    exit 1\nfi\n# This output is used by Xcode 'outputs' to avoid re-running this script phase.\necho \"SUCCESS\" > \"${SCRIPT_OUTPUT_FILE_0}\"\n";
			showEnvVarsInLog = 0;
		};
/* End PBXShellScriptBuildPhase section */

/* Begin PBXSourcesBuildPhase section */
		6F0146C9213B52C500CE3E88 /* Sources */ = {
			isa = PBXSourcesBuildPhase;
			buildActionMask = 2147483647;
			files = (
				6F1A6CA9213CC9D400A69AC9 /* MembersViewController.swift in Sources */,
				6F0B018E213F69390034CC2B /* EventsListViewController.swift in Sources */,
				6FBB5839215C7EE0001D9219 /* DualMeetViewController.swift in Sources */,
				6F0B0190213F8FC80034CC2B /* EventViewController.swift in Sources */,
				6F1A6CA7213C97B700A69AC9 /* appFunctions.swift in Sources */,
				6F3F16E8213B5B4C007862B1 /* appUserDefaults.swift in Sources */,
				6F0146D3213B52C500CE3E88 /* MainViewController.swift in Sources */,
				6F0B018A213F46680034CC2B /* Event.swift in Sources */,
				6FABBE712148CF6E004B8198 /* PresetEventAgeGroups.swift in Sources */,
				6F0B018C213F4A940034CC2B /* EvenResult.swift in Sources */,
				6F1E67AA214248BF000886F9 /* ResultsViewController.swift in Sources */,
				6F3F16F0213BA3C5007862B1 /* MembersListViewController.swift in Sources */,
				6FB3A0862144AB580023546F /* ResultCell.swift in Sources */,
				6F0146D1213B52C500CE3E88 /* AppDelegate.swift in Sources */,
				6FABBE732148CFF3004B8198 /* PresetEvent.swift in Sources */,
				6FABBE6F214870C0004B8198 /* seedDatabase.swift in Sources */,
				6F3D7246214A25FE006C575E /* PresetEventMember.swift in Sources */,
				6F3F16EE213B9915007862B1 /* Group.swift in Sources */,
				6FBB5835215C5903001D9219 /* DualMeet.swift in Sources */,
				6F0B0192213FA41C0034CC2B /* MembersForEventViewController.swift in Sources */,
				6F0B0188213F43400034CC2B /* SwimClub.swift in Sources */,
				6F3F16EC213B972B007862B1 /* Member.swift in Sources */,
				6FBB5837215C6112001D9219 /* DualMeetsListViewController.swift in Sources */,
			);
			runOnlyForDeploymentPostprocessing = 0;
		};
/* End PBXSourcesBuildPhase section */

/* Begin PBXVariantGroup section */
		6F0146D4213B52C500CE3E88 /* Main.storyboard */ = {
			isa = PBXVariantGroup;
			children = (
				6F0146D5213B52C500CE3E88 /* Base */,
			);
			name = Main.storyboard;
			sourceTree = "<group>";
		};
		6F0146D9213B52C700CE3E88 /* LaunchScreen.storyboard */ = {
			isa = PBXVariantGroup;
			children = (
				6F0146DA213B52C700CE3E88 /* Base */,
			);
			name = LaunchScreen.storyboard;
			sourceTree = "<group>";
		};
/* End PBXVariantGroup section */

/* Begin XCBuildConfiguration section */
		6F0146DD213B52C700CE3E88 /* Debug */ = {
			isa = XCBuildConfiguration;
			buildSettings = {
				ALWAYS_SEARCH_USER_PATHS = NO;
				CLANG_ANALYZER_NONNULL = YES;
				CLANG_ANALYZER_NUMBER_OBJECT_CONVERSION = YES_AGGRESSIVE;
				CLANG_CXX_LANGUAGE_STANDARD = "gnu++14";
				CLANG_CXX_LIBRARY = "libc++";
				CLANG_ENABLE_MODULES = YES;
				CLANG_ENABLE_OBJC_ARC = YES;
				CLANG_ENABLE_OBJC_WEAK = YES;
				CLANG_WARN_BLOCK_CAPTURE_AUTORELEASING = YES;
				CLANG_WARN_BOOL_CONVERSION = YES;
				CLANG_WARN_COMMA = YES;
				CLANG_WARN_CONSTANT_CONVERSION = YES;
				CLANG_WARN_DEPRECATED_OBJC_IMPLEMENTATIONS = YES;
				CLANG_WARN_DIRECT_OBJC_ISA_USAGE = YES_ERROR;
				CLANG_WARN_DOCUMENTATION_COMMENTS = YES;
				CLANG_WARN_EMPTY_BODY = YES;
				CLANG_WARN_ENUM_CONVERSION = YES;
				CLANG_WARN_INFINITE_RECURSION = YES;
				CLANG_WARN_INT_CONVERSION = YES;
				CLANG_WARN_NON_LITERAL_NULL_CONVERSION = YES;
				CLANG_WARN_OBJC_IMPLICIT_RETAIN_SELF = YES;
				CLANG_WARN_OBJC_LITERAL_CONVERSION = YES;
				CLANG_WARN_OBJC_ROOT_CLASS = YES_ERROR;
				CLANG_WARN_RANGE_LOOP_ANALYSIS = YES;
				CLANG_WARN_STRICT_PROTOTYPES = YES;
				CLANG_WARN_SUSPICIOUS_MOVE = YES;
				CLANG_WARN_UNGUARDED_AVAILABILITY = YES_AGGRESSIVE;
				CLANG_WARN_UNREACHABLE_CODE = YES;
				CLANG_WARN__DUPLICATE_METHOD_MATCH = YES;
				CODE_SIGN_IDENTITY = "iPhone Developer";
				COPY_PHASE_STRIP = NO;
				DEBUG_INFORMATION_FORMAT = dwarf;
				ENABLE_STRICT_OBJC_MSGSEND = YES;
				ENABLE_TESTABILITY = YES;
				GCC_C_LANGUAGE_STANDARD = gnu11;
				GCC_DYNAMIC_NO_PIC = NO;
				GCC_NO_COMMON_BLOCKS = YES;
				GCC_OPTIMIZATION_LEVEL = 0;
				GCC_PREPROCESSOR_DEFINITIONS = (
					"DEBUG=1",
					"$(inherited)",
				);
				GCC_WARN_64_TO_32_BIT_CONVERSION = YES;
				GCC_WARN_ABOUT_RETURN_TYPE = YES_ERROR;
				GCC_WARN_UNDECLARED_SELECTOR = YES;
				GCC_WARN_UNINITIALIZED_AUTOS = YES_AGGRESSIVE;
				GCC_WARN_UNUSED_FUNCTION = YES;
				GCC_WARN_UNUSED_VARIABLE = YES;
				IPHONEOS_DEPLOYMENT_TARGET = 11.4;
				MTL_ENABLE_DEBUG_INFO = YES;
				ONLY_ACTIVE_ARCH = YES;
				SDKROOT = iphoneos;
				SWIFT_ACTIVE_COMPILATION_CONDITIONS = DEBUG;
				SWIFT_OPTIMIZATION_LEVEL = "-Onone";
			};
			name = Debug;
		};
		6F0146DE213B52C700CE3E88 /* Release */ = {
			isa = XCBuildConfiguration;
			buildSettings = {
				ALWAYS_SEARCH_USER_PATHS = NO;
				CLANG_ANALYZER_NONNULL = YES;
				CLANG_ANALYZER_NUMBER_OBJECT_CONVERSION = YES_AGGRESSIVE;
				CLANG_CXX_LANGUAGE_STANDARD = "gnu++14";
				CLANG_CXX_LIBRARY = "libc++";
				CLANG_ENABLE_MODULES = YES;
				CLANG_ENABLE_OBJC_ARC = YES;
				CLANG_ENABLE_OBJC_WEAK = YES;
				CLANG_WARN_BLOCK_CAPTURE_AUTORELEASING = YES;
				CLANG_WARN_BOOL_CONVERSION = YES;
				CLANG_WARN_COMMA = YES;
				CLANG_WARN_CONSTANT_CONVERSION = YES;
				CLANG_WARN_DEPRECATED_OBJC_IMPLEMENTATIONS = YES;
				CLANG_WARN_DIRECT_OBJC_ISA_USAGE = YES_ERROR;
				CLANG_WARN_DOCUMENTATION_COMMENTS = YES;
				CLANG_WARN_EMPTY_BODY = YES;
				CLANG_WARN_ENUM_CONVERSION = YES;
				CLANG_WARN_INFINITE_RECURSION = YES;
				CLANG_WARN_INT_CONVERSION = YES;
				CLANG_WARN_NON_LITERAL_NULL_CONVERSION = YES;
				CLANG_WARN_OBJC_IMPLICIT_RETAIN_SELF = YES;
				CLANG_WARN_OBJC_LITERAL_CONVERSION = YES;
				CLANG_WARN_OBJC_ROOT_CLASS = YES_ERROR;
				CLANG_WARN_RANGE_LOOP_ANALYSIS = YES;
				CLANG_WARN_STRICT_PROTOTYPES = YES;
				CLANG_WARN_SUSPICIOUS_MOVE = YES;
				CLANG_WARN_UNGUARDED_AVAILABILITY = YES_AGGRESSIVE;
				CLANG_WARN_UNREACHABLE_CODE = YES;
				CLANG_WARN__DUPLICATE_METHOD_MATCH = YES;
				CODE_SIGN_IDENTITY = "iPhone Developer";
				COPY_PHASE_STRIP = NO;
				DEBUG_INFORMATION_FORMAT = "dwarf-with-dsym";
				ENABLE_NS_ASSERTIONS = NO;
				ENABLE_STRICT_OBJC_MSGSEND = YES;
				GCC_C_LANGUAGE_STANDARD = gnu11;
				GCC_NO_COMMON_BLOCKS = YES;
				GCC_WARN_64_TO_32_BIT_CONVERSION = YES;
				GCC_WARN_ABOUT_RETURN_TYPE = YES_ERROR;
				GCC_WARN_UNDECLARED_SELECTOR = YES;
				GCC_WARN_UNINITIALIZED_AUTOS = YES_AGGRESSIVE;
				GCC_WARN_UNUSED_FUNCTION = YES;
				GCC_WARN_UNUSED_VARIABLE = YES;
				IPHONEOS_DEPLOYMENT_TARGET = 11.4;
				MTL_ENABLE_DEBUG_INFO = NO;
				SDKROOT = iphoneos;
				SWIFT_COMPILATION_MODE = wholemodule;
				SWIFT_OPTIMIZATION_LEVEL = "-O";
				VALIDATE_PRODUCT = YES;
			};
			name = Release;
		};
		6F0146E0213B52C700CE3E88 /* Debug */ = {
			isa = XCBuildConfiguration;
			baseConfigurationReference = 1E66FC90FBCAC6220F2B0E31 /* Pods-SwimTime.debug.xcconfig */;
			buildSettings = {
				ASSETCATALOG_COMPILER_APPICON_NAME = AppIcon;
				CODE_SIGN_STYLE = Automatic;
				DEVELOPMENT_TEAM = E2433GA3KU;
				INFOPLIST_FILE = SwimTime/Info.plist;
				LD_RUNPATH_SEARCH_PATHS = (
					"$(inherited)",
					"@executable_path/Frameworks",
				);
				PRODUCT_BUNDLE_IDENTIFIER = HammerheadSoftware.SwimTime;
				PRODUCT_NAME = "$(TARGET_NAME)";
				SWIFT_VERSION = 4.2;
				TARGETED_DEVICE_FAMILY = 2;
			};
			name = Debug;
		};
		6F0146E1213B52C700CE3E88 /* Release */ = {
			isa = XCBuildConfiguration;
			baseConfigurationReference = D109A052910927502EA5AEF7 /* Pods-SwimTime.release.xcconfig */;
			buildSettings = {
				ASSETCATALOG_COMPILER_APPICON_NAME = AppIcon;
				CODE_SIGN_STYLE = Automatic;
				DEVELOPMENT_TEAM = E2433GA3KU;
				INFOPLIST_FILE = SwimTime/Info.plist;
				LD_RUNPATH_SEARCH_PATHS = (
					"$(inherited)",
					"@executable_path/Frameworks",
				);
				PRODUCT_BUNDLE_IDENTIFIER = HammerheadSoftware.SwimTime;
				PRODUCT_NAME = "$(TARGET_NAME)";
				SWIFT_VERSION = 4.2;
				TARGETED_DEVICE_FAMILY = 2;
			};
			name = Release;
		};
/* End XCBuildConfiguration section */

/* Begin XCConfigurationList section */
		6F0146C8213B52C500CE3E88 /* Build configuration list for PBXProject "SwimTime" */ = {
			isa = XCConfigurationList;
			buildConfigurations = (
				6F0146DD213B52C700CE3E88 /* Debug */,
				6F0146DE213B52C700CE3E88 /* Release */,
			);
			defaultConfigurationIsVisible = 0;
			defaultConfigurationName = Release;
		};
		6F0146DF213B52C700CE3E88 /* Build configuration list for PBXNativeTarget "SwimTime" */ = {
			isa = XCConfigurationList;
			buildConfigurations = (
				6F0146E0213B52C700CE3E88 /* Debug */,
				6F0146E1213B52C700CE3E88 /* Release */,
			);
			defaultConfigurationIsVisible = 0;
			defaultConfigurationName = Release;
		};
/* End XCConfigurationList section */
	};
	rootObject = 6F0146C5213B52C500CE3E88 /* Project object */;
}
